
Microsoft Visual Studio Solution File, Format Version 12.00
# Visual Studio 15
VisualStudioVersion = 15.0.27004.2009
MinimumVisualStudioVersion = 10.0.40219.1
Project("{FAE04EC0-301F-11D3-BF4B-00C04F79EFBC}") = "Zhao.OA.WebApp", "Zhao.OA.WebApp\Zhao.OA.WebApp.csproj", "{0FF8CD3E-1DF8-40DB-84B5-42F176BE1B74}"
EndProject
Project("{FAE04EC0-301F-11D3-BF4B-00C04F79EFBC}") = "Zhao.OA.Common", "Zhao.OA.Common\Zhao.OA.Common.csproj", "{31326361-4EE0-4135-93C7-711621B946E6}"
EndProject
Project("{FAE04EC0-301F-11D3-BF4B-00C04F79EFBC}") = "Zhao.OA.Model", "Zhao.OA.Model\Zhao.OA.Model.csproj", "{6B6500A7-221F-49EC-9040-B50EF7C53AA1}"
EndProject
Project("{FAE04EC0-301F-11D3-BF4B-00C04F79EFBC}") = "Zhao.OA.IBLL", "Zhao.OA.IBLL\Zhao.OA.IBLL.csproj", "{E55369B3-43F7-4E64-9084-5E80DC740981}"
EndProject
Project("{FAE04EC0-301F-11D3-BF4B-00C04F79EFBC}") = "Zhao.OA.IDAL", "Zhao.OA.IDAL\Zhao.OA.IDAL.csproj", "{EB1AC5BD-5352-448C-A35B-E25C1D797B99}"
EndProject
Project("{FAE04EC0-301F-11D3-BF4B-00C04F79EFBC}") = "Zhao.OA.BLL", "Zhao.OA.BLL\Zhao.OA.BLL.csproj", "{4091FDF2-C6CE-41FE-918D-BE227CB09C4C}"
EndProject
Project("{FAE04EC0-301F-11D3-BF4B-00C04F79EFBC}") = "Zhao.OA.DAL", "Zhao.OA.DAL\Zhao.OA.DAL.csproj", "{4B3A1B4C-6A27-4847-ACCB-CCC638161918}"
EndProject
Project("{FAE04EC0-301F-11D3-BF4B-00C04F79EFBC}") = "Zhao.OA.DALFactory", "Zhao.OA.DALFactory\Zhao.OA.DALFactory.csproj", "{2D196654-41B4-4D1C-B740-513F3D0890AB}"
EndProject
Global
	GlobalSection(SolutionConfigurationPlatforms) = preSolution
		Debug|Any CPU = Debug|Any CPU
		Release|Any CPU = Release|Any CPU
	EndGlobalSection
	GlobalSection(ProjectConfigurationPlatforms) = postSolution
		{0FF8CD3E-1DF8-40DB-84B5-42F176BE1B74}.Debug|Any CPU.ActiveCfg = Debug|Any CPU
		{0FF8CD3E-1DF8-40DB-84B5-42F176BE1B74}.Debug|Any CPU.Build.0 = Debug|Any CPU
		{0FF8CD3E-1DF8-40DB-84B5-42F176BE1B74}.Release|Any CPU.ActiveCfg = Release|Any CPU
		{0FF8CD3E-1DF8-40DB-84B5-42F176BE1B74}.Release|Any CPU.Build.0 = Release|Any CPU
		{31326361-4EE0-4135-93C7-711621B946E6}.Debug|Any CPU.ActiveCfg = Debug|Any CPU
		{31326361-4EE0-4135-93C7-711621B946E6}.Debug|Any CPU.Build.0 = Debug|Any CPU
		{31326361-4EE0-4135-93C7-711621B946E6}.Release|Any CPU.ActiveCfg = Release|Any CPU
		{31326361-4EE0-4135-93C7-711621B946E6}.Release|Any CPU.Build.0 = Release|Any CPU
		{6B6500A7-221F-49EC-9040-B50EF7C53AA1}.Debug|Any CPU.ActiveCfg = Debug|Any CPU
		{6B6500A7-221F-49EC-9040-B50EF7C53AA1}.Debug|Any CPU.Build.0 = Debug|Any CPU
		{6B6500A7-221F-49EC-9040-B50EF7C53AA1}.Release|Any CPU.ActiveCfg = Release|Any CPU
		{6B6500A7-221F-49EC-9040-B50EF7C53AA1}.Release|Any CPU.Build.0 = Release|Any CPU
		{E55369B3-43F7-4E64-9084-5E80DC740981}.Debug|Any CPU.ActiveCfg = Debug|Any CPU
		{E55369B3-43F7-4E64-9084-5E80DC740981}.Debug|Any CPU.Build.0 = Debug|Any CPU
		{E55369B3-43F7-4E64-9084-5E80DC740981}.Release|Any CPU.ActiveCfg = Release|Any CPU
		{E55369B3-43F7-4E64-9084-5E80DC740981}.Release|Any CPU.Build.0 = Release|Any CPU
		{EB1AC5BD-5352-448C-A35B-E25C1D797B99}.Debug|Any CPU.ActiveCfg = Debug|Any CPU
		{EB1AC5BD-5352-448C-A35B-E25C1D797B99}.Debug|Any CPU.Build.0 = Debug|Any CPU
		{EB1AC5BD-5352-448C-A35B-E25C1D797B99}.Release|Any CPU.ActiveCfg = Release|Any CPU
		{EB1AC5BD-5352-448C-A35B-E25C1D797B99}.Release|Any CPU.Build.0 = Release|Any CPU
		{4091FDF2-C6CE-41FE-918D-BE227CB09C4C}.Debug|Any CPU.ActiveCfg = Debug|Any CPU
		{4091FDF2-C6CE-41FE-918D-BE227CB09C4C}.Debug|Any CPU.Build.0 = Debug|Any CPU
		{4091FDF2-C6CE-41FE-918D-BE227CB09C4C}.Release|Any CPU.ActiveCfg = Release|Any CPU
		{4091FDF2-C6CE-41FE-918D-BE227CB09C4C}.Release|Any CPU.Build.0 = Release|Any CPU
		{4B3A1B4C-6A27-4847-ACCB-CCC638161918}.Debug|Any CPU.ActiveCfg = Debug|Any CPU
		{4B3A1B4C-6A27-4847-ACCB-CCC638161918}.Debug|Any CPU.Build.0 = Debug|Any CPU
		{4B3A1B4C-6A27-4847-ACCB-CCC638161918}.Release|Any CPU.ActiveCfg = Release|Any CPU
		{4B3A1B4C-6A27-4847-ACCB-CCC638161918}.Release|Any CPU.Build.0 = Release|Any CPU
		{2D196654-41B4-4D1C-B740-513F3D0890AB}.Debug|Any CPU.ActiveCfg = Debug|Any CPU
		{2D196654-41B4-4D1C-B740-513F3D0890AB}.Debug|Any CPU.Build.0 = Debug|Any CPU
		{2D196654-41B4-4D1C-B740-513F3D0890AB}.Release|Any CPU.ActiveCfg = Release|Any CPU
		{2D196654-41B4-4D1C-B740-513F3D0890AB}.Release|Any CPU.Build.0 = Release|Any CPU
	EndGlobalSection
	GlobalSection(SolutionProperties) = preSolution
		HideSolutionNode = FALSE
	EndGlobalSection
	GlobalSection(ExtensibilityGlobals) = postSolution
		SolutionGuid = {42734104-3A93-4F90-AED2-ED673B8E3651}
	EndGlobalSection
EndGlobal
